
Microsoft Visual Studio Solution File, Format Version 12.00
# Visual Studio Version 17
VisualStudioVersion = 17.2.32526.322
MinimumVisualStudioVersion = 10.0.40219.1
Project("{FAE04EC0-301F-11D3-BF4B-00C04F79EFBC}") = "OrleansLedgerPoc", "src\OrleansLedgerPoc\OrleansLedgerPoc.csproj", "{5C25BC10-35DA-4EF0-B6E0-813696B22CE2}"
EndProject
Global
	GlobalSection(SolutionConfigurationPlatforms) = preSolution
		Debug|Any CPU = Debug|Any CPU
		Release|Any CPU = Release|Any CPU
	EndGlobalSection
	GlobalSection(ProjectConfigurationPlatforms) = postSolution
		{5C25BC10-35DA-4EF0-B6E0-813696B22CE2}.Debug|Any CPU.ActiveCfg = Debug|Any CPU
		{5C25BC10-35DA-4EF0-B6E0-813696B22CE2}.Debug|Any CPU.Build.0 = Debug|Any CPU
		{5C25BC10-35DA-4EF0-B6E0-813696B22CE2}.Release|Any CPU.ActiveCfg = Release|Any CPU
		{5C25BC10-35DA-4EF0-B6E0-813696B22CE2}.Release|Any CPU.Build.0 = Release|Any CPU
	EndGlobalSection
	GlobalSection(SolutionProperties) = preSolution
		HideSolutionNode = FALSE
	EndGlobalSection
	GlobalSection(ExtensibilityGlobals) = postSolution
		SolutionGuid = {119072D2-B88B-4C71-8394-29A3D2C60453}
	EndGlobalSection
EndGlobal
